
Microsoft Visual Studio Solution File, Format Version 12.00
# Visual Studio Version 16
VisualStudioVersion = 16.0.31205.134
MinimumVisualStudioVersion = 10.0.40219.1
Project("{8BC9CEB8-8B4A-11D0-8D11-00A0C91BC942}") = "StudentManagementSystem", "StudentManagementSystem.vcxproj", "{8EC76ABA-E574-49AF-B097-D5354C597AB6}"
EndProject
Global
	GlobalSection(SolutionConfigurationPlatforms) = preSolution
		Debug|x64 = Debug|x64
		Debug|x86 = Debug|x86
		Release|x64 = Release|x64
		Release|x86 = Release|x86
	EndGlobalSection
	GlobalSection(ProjectConfigurationPlatforms) = postSolution
		{8EC76ABA-E574-49AF-B097-D5354C597AB6}.Debug|x64.ActiveCfg = Debug|x64
		{8EC76ABA-E574-49AF-B097-D5354C597AB6}.Debug|x64.Build.0 = Debug|x64
		{8EC76ABA-E574-49AF-B097-D5354C597AB6}.Debug|x86.ActiveCfg = Debug|Win32
		{8EC76ABA-E574-49AF-B097-D5354C597AB6}.Debug|x86.Build.0 = Debug|Win32
		{8EC76ABA-E574-49AF-B097-D5354C597AB6}.Release|x64.ActiveCfg = Release|x64
		{8EC76ABA-E574-49AF-B097-D5354C597AB6}.Release|x64.Build.0 = Release|x64
		{8EC76ABA-E574-49AF-B097-D5354C597AB6}.Release|x86.ActiveCfg = Release|Win32
		{8EC76ABA-E574-49AF-B097-D5354C597AB6}.Release|x86.Build.0 = Release|Win32
	EndGlobalSection
	GlobalSection(SolutionProperties) = preSolution
		HideSolutionNode = FALSE
	EndGlobalSection
	GlobalSection(ExtensibilityGlobals) = postSolution
		SolutionGuid = {4F86B78C-B128-49B9-895D-C6CDEF5BCBCA}
	EndGlobalSection
EndGlobal
